{
  "name": "robofriends",
  "version": "0.1.0",
  "lockfileVersion": 1,
  "requires": true,
  "dependencies": {
    "lodash": {
      "version": "4.17.15",
      "resolved": "https://registry.npmjs.org/lodash/-/lodash-4.17.15.tgz",
      "integrity": "sha512-8xOcRHvCjnocdS5cpwXQXVzmmh5e5+saE2QGoeQmbKmRS6J3VQppPOIt0MnmE+4xlZoumy0GPG0D0MVIQbNA1A=="
    },
    "react-particles-js": {
      "version": "2.7.1",
      "resolved": "https://registry.npmjs.org/react-particles-js/-/react-particles-js-2.7.1.tgz",
      "integrity": "sha512-H3lnlcnc35HRismahWl8n/1IBNvP1u78r1YdS+QigDYwGkv4Bxqjdp3qLkQOkQnGLzaO5iu+Z4TWnyLVxOKPtA==",
      "requires": {
        "lodash": "^4.17.11"
      }
    }
  }
}
